
Microsoft Visual Studio Solution File, Format Version 12.00
# Visual Studio 15
VisualStudioVersion = 15.0.27130.2003
MinimumVisualStudioVersion = 10.0.40219.1
Project("{FAE04EC0-301F-11D3-BF4B-00C04F79EFBC}") = "Intro", "Intro\Intro.csproj", "{09D7F3A9-C1FE-4316-9F17-8C4E4527D91E}"
EndProject
Global
	GlobalSection(SolutionConfigurationPlatforms) = preSolution
		Debug|Any CPU = Debug|Any CPU
		Release|Any CPU = Release|Any CPU
	EndGlobalSection
	GlobalSection(ProjectConfigurationPlatforms) = postSolution
		{09D7F3A9-C1FE-4316-9F17-8C4E4527D91E}.Debug|Any CPU.ActiveCfg = Debug|Any CPU
		{09D7F3A9-C1FE-4316-9F17-8C4E4527D91E}.Debug|Any CPU.Build.0 = Debug|Any CPU
		{09D7F3A9-C1FE-4316-9F17-8C4E4527D91E}.Release|Any CPU.ActiveCfg = Release|Any CPU
		{09D7F3A9-C1FE-4316-9F17-8C4E4527D91E}.Release|Any CPU.Build.0 = Release|Any CPU
	EndGlobalSection
	GlobalSection(SolutionProperties) = preSolution
		HideSolutionNode = FALSE
	EndGlobalSection
	GlobalSection(ExtensibilityGlobals) = postSolution
		SolutionGuid = {50156595-E7DB-40D8-872A-614D7E973263}
	EndGlobalSection
EndGlobal
